
Microsoft Visual Studio Solution File, Format Version 12.00
# Visual Studio Version 17
VisualStudioVersion = 17.9.34723.18
MinimumVisualStudioVersion = 10.0.40219.1
Project("{FAE04EC0-301F-11D3-BF4B-00C04F79EFBC}") = "3.Polimorfismo", "3.Polimorfismo.csproj", "{405BD6C4-24D3-4B9B-B15B-A61A230F8794}"
EndProject
Global
	GlobalSection(SolutionConfigurationPlatforms) = preSolution
		Debug|Any CPU = Debug|Any CPU
		Release|Any CPU = Release|Any CPU
	EndGlobalSection
	GlobalSection(ProjectConfigurationPlatforms) = postSolution
		{405BD6C4-24D3-4B9B-B15B-A61A230F8794}.Debug|Any CPU.ActiveCfg = Debug|Any CPU
		{405BD6C4-24D3-4B9B-B15B-A61A230F8794}.Debug|Any CPU.Build.0 = Debug|Any CPU
		{405BD6C4-24D3-4B9B-B15B-A61A230F8794}.Release|Any CPU.ActiveCfg = Release|Any CPU
		{405BD6C4-24D3-4B9B-B15B-A61A230F8794}.Release|Any CPU.Build.0 = Release|Any CPU
	EndGlobalSection
	GlobalSection(SolutionProperties) = preSolution
		HideSolutionNode = FALSE
	EndGlobalSection
	GlobalSection(ExtensibilityGlobals) = postSolution
		SolutionGuid = {00247972-84AD-4265-A9C7-9259B1265762}
	EndGlobalSection
EndGlobal
